// !$*UTF8*$!
{
	archiveVersion = 1;
	classes = {
	};
	objectVersion = 60;
	objects = {

/* Begin PBXBuildFile section */
		02ED859330609F5E00153DC2 /* TripPlannerView.swift in Sources */ = {isa = PBXBuildFile; fileRef = 02ED859230609F5E00153DC2 /* TripPlannerView.swift */; };
		2E07C9FD4783B7204BA41AA4 /* KollektivApp.swift in Sources */ = {isa = PBXBuildFile; fileRef = 85FB0D0B64C2C4750355D37A /* KollektivApp.swift */; };
		7F3616DBA23352A75452A536 /* TransitMapView.swift in Sources */ = {isa = PBXBuildFile; fileRef = F19852D1E87137D1AE6DB6EE /* TransitMapView.swift */; };
		D3CBE45F38C1754BDCBE9CDA /* ActiveTransit in Frameworks */ = {isa = PBXBuildFile; productRef = 55C6ABE7E6DBED79A7084DE2 /* ActiveTransit */; };
/* End PBXBuildFile section */

/* Begin PBXFileReference section */
		02ED859230609F5E00153DC2 /* TripPlannerView.swift */ = {isa = PBXFileReference; lastKnownFileType = sourcecode.swift; path = TripPlannerView.swift; sourceTree = "<group>"; };
		318109DB2FDCFB6875B0226B /* KollektivApp.app */ = {isa = PBXFileReference; includeInIndex = 0; lastKnownFileType = wrapper.application; path = KollektivApp.app; sourceTree = BUILT_PRODUCTS_DIR; };
		85FB0D0B64C2C4750355D37A /* KollektivApp.swift */ = {isa = PBXFileReference; lastKnownFileType = sourcecode.swift; path = KollektivApp.swift; sourceTree = "<group>"; };
		D34F374DF35D4BF0E8E5E3A5 /* ActiveTransit */ = {isa = PBXFileReference; lastKnownFileType = folder; path = ActiveTransit; sourceTree = SOURCE_ROOT; };
		F19852D1E87137D1AE6DB6EE /* TransitMapView.swift */ = {isa = PBXFileReference; lastKnownFileType = sourcecode.swift; path = TransitMapView.swift; sourceTree = "<group>"; };
/* End PBXFileReference section */

/* Begin PBXFrameworksBuildPhase section */
		256AB16A6B5533EE9463E108 /* Frameworks */ = {
			isa = PBXFrameworksBuildPhase;
			buildActionMask = 2147483647;
			files = (
				D3CBE45F38C1754BDCBE9CDA /* ActiveTransit in Frameworks */,
			);
			runOnlyForDeploymentPostprocessing = 0;
		};
/* End PBXFrameworksBuildPhase section */

/* Begin PBXGroup section */
		AD65AC8F96738F67FE1BC4D3 = {
			isa = PBXGroup;
			children = (
				85FB0D0B64C2C4750355D37A /* KollektivApp.swift */,
				F19852D1E87137D1AE6DB6EE /* TransitMapView.swift */,
				B3DD135879D5B9853DF814DA /* Packages */,
				E59CD69CD69BD393086ADF59 /* Products */,
			);
			sourceTree = "<group>";
		};
		B3DD135879D5B9853DF814DA /* Packages */ = {
			isa = PBXGroup;
			children = (
				D34F374DF35D4BF0E8E5E3A5 /* ActiveTransit */,
			);
			name = Packages;
			sourceTree = "<group>";
		};
		E59CD69CD69BD393086ADF59 /* Products */ = {
			isa = PBXGroup;
			children = (
				318109DB2FDCFB6875B0226B /* KollektivApp.app */,
				02ED859230609F5E00153DC2 /* TripPlannerView.swift */,
			);
			name = Products;
			sourceTree = "<group>";
		};
/* End PBXGroup section */

/* Begin PBXNativeTarget section */
		4BA19DD072582FB47FA68876 /* KollektivApp */ = {
			isa = PBXNativeTarget;
			buildConfigurationList = DCC849E1F84CCD5D13C00507 /* Build configuration list for PBXNativeTarget "KollektivApp" */;
			buildPhases = (
				E1ACDDD7348C6412C0052D86 /* Sources */,
				256AB16A6B5533EE9463E108 /* Frameworks */,
			);
			buildRules = (
			);
			dependencies = (
			);
			name = KollektivApp;
			packageProductDependencies = (
				55C6ABE7E6DBED79A7084DE2 /* ActiveTransit */,
			);
			productName = KollektivApp;
			productReference = 318109DB2FDCFB6875B0226B /* KollektivApp.app */;
			productType = "com.apple.product-type.application";
		};
/* End PBXNativeTarget section */

/* Begin PBXProject section */
		B296AFABD9AB0B2EC4FD1F5E /* Project object */ = {
			isa = PBXProject;
			attributes = {
				BuildIndependentTargetsInParallel = YES;
				LastUpgradeCheck = 1430;
			};
			buildConfigurationList = F438694CC8D2CB4B681F22C9 /* Build configuration list for PBXProject "KollektivApp" */;
			compatibilityVersion = "Xcode 14.0";
			developmentRegion = en;
			hasScannedForEncodings = 0;
			knownRegions = (
				Base,
				en,
			);
			mainGroup = AD65AC8F96738F67FE1BC4D3;
			packageReferences = (
				845F9DD48CE5E23792ABABEC /* XCLocalSwiftPackageReference "ActiveTransit" */,
			);
			projectDirPath = "";
			projectRoot = "";
			targets = (
				4BA19DD072582FB47FA68876 /* KollektivApp */,
			);
		};
/* End PBXProject section */

/* Begin PBXSourcesBuildPhase section */
		E1ACDDD7348C6412C0052D86 /* Sources */ = {
			isa = PBXSourcesBuildPhase;
			buildActionMask = 2147483647;
			files = (
				2E07C9FD4783B7204BA41AA4 /* KollektivApp.swift in Sources */,
				7F3616DBA23352A75452A536 /* TransitMapView.swift in Sources */,
				02ED859330609F5E00153DC2 /* TripPlannerView.swift in Sources */,
			);
			runOnlyForDeploymentPostprocessing = 0;
		};
/* End PBXSourcesBuildPhase section */

/* Begin XCBuildConfiguration section */
		06067D49C15830B68B50942F /* Debug */ = {
			isa = XCBuildConfiguration;
			buildSettings = {
				ASSETCATALOG_COMPILER_APPICON_NAME = AppIcon;
				CODE_SIGN_IDENTITY = "iPhone Developer";
				INFOPLIST_FILE = Info.plist;
				LD_RUNPATH_SEARCH_PATHS = (
					"$(inherited)",
					"@executable_path/Frameworks",
				);
				PRODUCT_BUNDLE_IDENTIFIER = com.example.KollektivApp;
				SDKROOT = iphoneos;
				TARGETED_DEVICE_FAMILY = "1,2";
			};
			name = Debug;
		};
		2A34B3CDB101114E6A6F9EB8 /* Release */ = {
			isa = XCBuildConfiguration;
			buildSettings = {
				ALWAYS_SEARCH_USER_PATHS = NO;
				CLANG_ANALYZER_NONNULL = YES;
				CLANG_ANALYZER_NUMBER_OBJECT_CONVERSION = YES_AGGRESSIVE;
				CLANG_CXX_LANGUAGE_STANDARD = "gnu++14";
				CLANG_CXX_LIBRARY = "libc++";
				CLANG_ENABLE_MODULES = YES;
				CLANG_ENABLE_OBJC_ARC = YES;
				CLANG_ENABLE_OBJC_WEAK = YES;
				CLANG_WARN_BLOCK_CAPTURE_AUTORELEASING = YES;
				CLANG_WARN_BOOL_CONVERSION = YES;
				CLANG_WARN_COMMA = YES;
				CLANG_WARN_CONSTANT_CONVERSION = YES;
				CLANG_WARN_DEPRECATED_OBJC_IMPLEMENTATIONS = YES;
				CLANG_WARN_DIRECT_OBJC_ISA_USAGE = YES_ERROR;
				CLANG_WARN_DOCUMENTATION_COMMENTS = YES;
				CLANG_WARN_EMPTY_BODY = YES;
				CLANG_WARN_ENUM_CONVERSION = YES;
				CLANG_WARN_INFINITE_RECURSION = YES;
				CLANG_WARN_INT_CONVERSION = YES;
				CLANG_WARN_NON_LITERAL_NULL_CONVERSION = YES;
				CLANG_WARN_OBJC_IMPLICIT_RETAIN_SELF = YES;
				CLANG_WARN_OBJC_LITERAL_CONVERSION = YES;
				CLANG_WARN_OBJC_ROOT_CLASS = YES_ERROR;
				CLANG_WARN_QUOTED_INCLUDE_IN_FRAMEWORK_HEADER = YES;
				CLANG_WARN_RANGE_LOOP_ANALYSIS = YES;
				CLANG_WARN_STRICT_PROTOTYPES = YES;
				CLANG_WARN_SUSPICIOUS_MOVE = YES;
				CLANG_WARN_UNGUARDED_AVAILABILITY = YES_AGGRESSIVE;
				CLANG_WARN_UNREACHABLE_CODE = YES;
				CLANG_WARN__DUPLICATE_METHOD_MATCH = YES;
				COPY_PHASE_STRIP = NO;
				DEBUG_INFORMATION_FORMAT = "dwarf-with-dsym";
				ENABLE_NS_ASSERTIONS = NO;
				ENABLE_STRICT_OBJC_MSGSEND = YES;
				GCC_C_LANGUAGE_STANDARD = gnu11;
				GCC_NO_COMMON_BLOCKS = YES;
				GCC_WARN_64_TO_32_BIT_CONVERSION = YES;
				GCC_WARN_ABOUT_RETURN_TYPE = YES_ERROR;
				GCC_WARN_UNDECLARED_SELECTOR = YES;
				GCC_WARN_UNINITIALIZED_AUTOS = YES_AGGRESSIVE;
				GCC_WARN_UNUSED_FUNCTION = YES;
				GCC_WARN_UNUSED_VARIABLE = YES;
				IPHONEOS_DEPLOYMENT_TARGET = 17.0;
				MTL_ENABLE_DEBUG_INFO = NO;
				MTL_FAST_MATH = YES;
				PRODUCT_NAME = "$(TARGET_NAME)";
				SDKROOT = iphoneos;
				SWIFT_COMPILATION_MODE = wholemodule;
				SWIFT_OPTIMIZATION_LEVEL = "-O";
				SWIFT_VERSION = 5.0;
			};
			name = Release;
		};
		4C9E0A7C6BEE927BFA00E178 /* Debug */ = {
			isa = XCBuildConfiguration;
			buildSettings = {
				ALWAYS_SEARCH_USER_PATHS = NO;
				CLANG_ANALYZER_NONNULL = YES;
				CLANG_ANALYZER_NUMBER_OBJECT_CONVERSION = YES_AGGRESSIVE;
				CLANG_CXX_LANGUAGE_STANDARD = "gnu++14";
				CLANG_CXX_LIBRARY = "libc++";
				CLANG_ENABLE_MODULES = YES;
				CLANG_ENABLE_OBJC_ARC = YES;
				CLANG_ENABLE_OBJC_WEAK = YES;
				CLANG_WARN_BLOCK_CAPTURE_AUTORELEASING = YES;
				CLANG_WARN_BOOL_CONVERSION = YES;
				CLANG_WARN_COMMA = YES;
				CLANG_WARN_CONSTANT_CONVERSION = YES;
				CLANG_WARN_DEPRECATED_OBJC_IMPLEMENTATIONS = YES;
				CLANG_WARN_DIRECT_OBJC_ISA_USAGE = YES_ERROR;
				CLANG_WARN_DOCUMENTATION_COMMENTS = YES;
				CLANG_WARN_EMPTY_BODY = YES;
				CLANG_WARN_ENUM_CONVERSION = YES;
				CLANG_WARN_INFINITE_RECURSION = YES;
				CLANG_WARN_INT_CONVERSION = YES;
				CLANG_WARN_NON_LITERAL_NULL_CONVERSION = YES;
				CLANG_WARN_OBJC_IMPLICIT_RETAIN_SELF = YES;
				CLANG_WARN_OBJC_LITERAL_CONVERSION = YES;
				CLANG_WARN_OBJC_ROOT_CLASS = YES_ERROR;
				CLANG_WARN_QUOTED_INCLUDE_IN_FRAMEWORK_HEADER = YES;
				CLANG_WARN_RANGE_LOOP_ANALYSIS = YES;
				CLANG_WARN_STRICT_PROTOTYPES = YES;
				CLANG_WARN_SUSPICIOUS_MOVE = YES;
				CLANG_WARN_UNGUARDED_AVAILABILITY = YES_AGGRESSIVE;
				CLANG_WARN_UNREACHABLE_CODE = YES;
				CLANG_WARN__DUPLICATE_METHOD_MATCH = YES;
				COPY_PHASE_STRIP = NO;
				DEBUG_INFORMATION_FORMAT = dwarf;
				ENABLE_STRICT_OBJC_MSGSEND = YES;
				ENABLE_TESTABILITY = YES;
				GCC_C_LANGUAGE_STANDARD = gnu11;
				GCC_DYNAMIC_NO_PIC = NO;
				GCC_NO_COMMON_BLOCKS = YES;
				GCC_OPTIMIZATION_LEVEL = 0;
				GCC_PREPROCESSOR_DEFINITIONS = (
					"$(inherited)",
					"DEBUG=1",
				);
				GCC_WARN_64_TO_32_BIT_CONVERSION = YES;
				GCC_WARN_ABOUT_RETURN_TYPE = YES_ERROR;
				GCC_WARN_UNDECLARED_SELECTOR = YES;
				GCC_WARN_UNINITIALIZED_AUTOS = YES_AGGRESSIVE;
				GCC_WARN_UNUSED_FUNCTION = YES;
				GCC_WARN_UNUSED_VARIABLE = YES;
				IPHONEOS_DEPLOYMENT_TARGET = 17.0;
				MTL_ENABLE_DEBUG_INFO = INCLUDE_SOURCE;
				MTL_FAST_MATH = YES;
				ONLY_ACTIVE_ARCH = YES;
				PRODUCT_NAME = "$(TARGET_NAME)";
				SDKROOT = iphoneos;
				SWIFT_ACTIVE_COMPILATION_CONDITIONS = DEBUG;
				SWIFT_OPTIMIZATION_LEVEL = "-Onone";
				SWIFT_VERSION = 5.0;
			};
			name = Debug;
		};
		F4D2DFB3DB01A430D7441916 /* Release */ = {
			isa = XCBuildConfiguration;
			buildSettings = {
				ASSETCATALOG_COMPILER_APPICON_NAME = AppIcon;
				CODE_SIGN_IDENTITY = "iPhone Developer";
				INFOPLIST_FILE = Info.plist;
				LD_RUNPATH_SEARCH_PATHS = (
					"$(inherited)",
					"@executable_path/Frameworks",
				);
				PRODUCT_BUNDLE_IDENTIFIER = com.example.KollektivApp;
				SDKROOT = iphoneos;
				TARGETED_DEVICE_FAMILY = "1,2";
			};
			name = Release;
		};
/* End XCBuildConfiguration section */

/* Begin XCConfigurationList section */
		DCC849E1F84CCD5D13C00507 /* Build configuration list for PBXNativeTarget "KollektivApp" */ = {
			isa = XCConfigurationList;
			buildConfigurations = (
				06067D49C15830B68B50942F /* Debug */,
				F4D2DFB3DB01A430D7441916 /* Release */,
			);
			defaultConfigurationIsVisible = 0;
			defaultConfigurationName = Debug;
		};
		F438694CC8D2CB4B681F22C9 /* Build configuration list for PBXProject "KollektivApp" */ = {
			isa = XCConfigurationList;
			buildConfigurations = (
				4C9E0A7C6BEE927BFA00E178 /* Debug */,
				2A34B3CDB101114E6A6F9EB8 /* Release */,
			);
			defaultConfigurationIsVisible = 0;
			defaultConfigurationName = Debug;
		};
/* End XCConfigurationList section */

/* Begin XCLocalSwiftPackageReference section */
		845F9DD48CE5E23792ABABEC /* XCLocalSwiftPackageReference "ActiveTransit" */ = {
			isa = XCLocalSwiftPackageReference;
			relativePath = ActiveTransit;
		};
/* End XCLocalSwiftPackageReference section */

/* Begin XCSwiftPackageProductDependency section */
		55C6ABE7E6DBED79A7084DE2 /* ActiveTransit */ = {
			isa = XCSwiftPackageProductDependency;
			productName = ActiveTransit;
		};
/* End XCSwiftPackageProductDependency section */
	};
	rootObject = B296AFABD9AB0B2EC4FD1F5E /* Project object */;
}
